
Microsoft Visual Studio Solution File, Format Version 12.00
# Visual Studio Version 16
VisualStudioVersion = 16.0.30523.141
MinimumVisualStudioVersion = 10.0.40219.1
Project("{FAE04EC0-301F-11D3-BF4B-00C04F79EFBC}") = "Extensionals", "Extensionals\Extensionals.csproj", "{B7EA44E4-AD4B-4A79-AD13-6B9290E76560}"
EndProject
Global
	GlobalSection(SolutionConfigurationPlatforms) = preSolution
		Debug|Any CPU = Debug|Any CPU
		Release|Any CPU = Release|Any CPU
	EndGlobalSection
	GlobalSection(ProjectConfigurationPlatforms) = postSolution
		{B7EA44E4-AD4B-4A79-AD13-6B9290E76560}.Debug|Any CPU.ActiveCfg = Debug|Any CPU
		{B7EA44E4-AD4B-4A79-AD13-6B9290E76560}.Debug|Any CPU.Build.0 = Debug|Any CPU
		{B7EA44E4-AD4B-4A79-AD13-6B9290E76560}.Release|Any CPU.ActiveCfg = Release|Any CPU
		{B7EA44E4-AD4B-4A79-AD13-6B9290E76560}.Release|Any CPU.Build.0 = Release|Any CPU
	EndGlobalSection
	GlobalSection(SolutionProperties) = preSolution
		HideSolutionNode = FALSE
	EndGlobalSection
	GlobalSection(ExtensibilityGlobals) = postSolution
		SolutionGuid = {EED396F4-AB0A-47A7-8070-EBA731F9DAB6}
	EndGlobalSection
EndGlobal
